
Microsoft Visual Studio Solution File, Format Version 12.00
# Visual Studio 14
VisualStudioVersion = 14.0.24720.0
MinimumVisualStudioVersion = 10.0.40219.1
Project("{F2A71F9B-5D33-465A-A702-920D77279786}") = "Algo Stanford", "Algo Stanford\Algo Stanford.fsproj", "{AFAF1225-9AF4-463E-95AD-B4CE07EFFC27}"
EndProject
Project("{F2A71F9B-5D33-465A-A702-920D77279786}") = "Library1", "Library1\Library1.fsproj", "{0D87D96C-3A11-40B9-8DC9-834789610656}"
EndProject
Global
	GlobalSection(SolutionConfigurationPlatforms) = preSolution
		Debug|Any CPU = Debug|Any CPU
		Release|Any CPU = Release|Any CPU
	EndGlobalSection
	GlobalSection(ProjectConfigurationPlatforms) = postSolution
		{AFAF1225-9AF4-463E-95AD-B4CE07EFFC27}.Debug|Any CPU.ActiveCfg = Debug|Any CPU
		{AFAF1225-9AF4-463E-95AD-B4CE07EFFC27}.Debug|Any CPU.Build.0 = Debug|Any CPU
		{AFAF1225-9AF4-463E-95AD-B4CE07EFFC27}.Release|Any CPU.ActiveCfg = Release|Any CPU
		{AFAF1225-9AF4-463E-95AD-B4CE07EFFC27}.Release|Any CPU.Build.0 = Release|Any CPU
		{0D87D96C-3A11-40B9-8DC9-834789610656}.Debug|Any CPU.ActiveCfg = Debug|Any CPU
		{0D87D96C-3A11-40B9-8DC9-834789610656}.Debug|Any CPU.Build.0 = Debug|Any CPU
		{0D87D96C-3A11-40B9-8DC9-834789610656}.Release|Any CPU.ActiveCfg = Release|Any CPU
		{0D87D96C-3A11-40B9-8DC9-834789610656}.Release|Any CPU.Build.0 = Release|Any CPU
	EndGlobalSection
	GlobalSection(SolutionProperties) = preSolution
		HideSolutionNode = FALSE
	EndGlobalSection
EndGlobal
